// !$*UTF8*$!
{
	archiveVersion = 1;
	classes = {
	};
	objectVersion = 56;
	objects = {

/* Begin PBXBuildFile section */
		EC1819A92B7746E0004AFF72 /* WeeklyWeatherStatusView.swift in Sources */ = {isa = PBXBuildFile; fileRef = EC1819A82B7746E0004AFF72 /* WeeklyWeatherStatusView.swift */; };
		EC1819AB2B774A6B004AFF72 /* WeeklyWeatherModel.swift in Sources */ = {isa = PBXBuildFile; fileRef = EC1819AA2B774A6B004AFF72 /* WeeklyWeatherModel.swift */; };
		EC1819AD2B77D47E004AFF72 /* WeatherViewModel.swift in Sources */ = {isa = PBXBuildFile; fileRef = EC1819AC2B77D47E004AFF72 /* WeatherViewModel.swift */; };
		EC1819AF2B77F6FE004AFF72 /* CustomButtonModel.swift in Sources */ = {isa = PBXBuildFile; fileRef = EC1819AE2B77F6FE004AFF72 /* CustomButtonModel.swift */; };
		EC1819B12B77F85F004AFF72 /* CustomButtonView.swift in Sources */ = {isa = PBXBuildFile; fileRef = EC1819B02B77F85E004AFF72 /* CustomButtonView.swift */; };
		EC1819B32B78095E004AFF72 /* CurrentDayWeatherStatusView.swift in Sources */ = {isa = PBXBuildFile; fileRef = EC1819B22B78095E004AFF72 /* CurrentDayWeatherStatusView.swift */; };
		EC1819B52B780A6F004AFF72 /* CurrentDayWeatherModel.swift in Sources */ = {isa = PBXBuildFile; fileRef = EC1819B42B780A6F004AFF72 /* CurrentDayWeatherModel.swift */; };
		EC8AE1D52B7192FA00B1B75C /* WeatherApp.swift in Sources */ = {isa = PBXBuildFile; fileRef = EC8AE1D42B7192FA00B1B75C /* WeatherApp.swift */; };
		EC8AE1D72B7192FA00B1B75C /* ContentView.swift in Sources */ = {isa = PBXBuildFile; fileRef = EC8AE1D62B7192FA00B1B75C /* ContentView.swift */; };
		EC8AE1D92B7192FD00B1B75C /* Assets.xcassets in Resources */ = {isa = PBXBuildFile; fileRef = EC8AE1D82B7192FD00B1B75C /* Assets.xcassets */; };
		EC8AE1DC2B7192FD00B1B75C /* Preview Assets.xcassets in Resources */ = {isa = PBXBuildFile; fileRef = EC8AE1DB2B7192FD00B1B75C /* Preview Assets.xcassets */; };
/* End PBXBuildFile section */

/* Begin PBXFileReference section */
		EC1819A82B7746E0004AFF72 /* WeeklyWeatherStatusView.swift */ = {isa = PBXFileReference; lastKnownFileType = sourcecode.swift; path = WeeklyWeatherStatusView.swift; sourceTree = "<group>"; };
		EC1819AA2B774A6B004AFF72 /* WeeklyWeatherModel.swift */ = {isa = PBXFileReference; lastKnownFileType = sourcecode.swift; path = WeeklyWeatherModel.swift; sourceTree = "<group>"; };
		EC1819AC2B77D47E004AFF72 /* WeatherViewModel.swift */ = {isa = PBXFileReference; lastKnownFileType = sourcecode.swift; path = WeatherViewModel.swift; sourceTree = "<group>"; };
		EC1819AE2B77F6FE004AFF72 /* CustomButtonModel.swift */ = {isa = PBXFileReference; lastKnownFileType = sourcecode.swift; path = CustomButtonModel.swift; sourceTree = "<group>"; };
		EC1819B02B77F85E004AFF72 /* CustomButtonView.swift */ = {isa = PBXFileReference; lastKnownFileType = sourcecode.swift; path = CustomButtonView.swift; sourceTree = "<group>"; };
		EC1819B22B78095E004AFF72 /* CurrentDayWeatherStatusView.swift */ = {isa = PBXFileReference; lastKnownFileType = sourcecode.swift; path = CurrentDayWeatherStatusView.swift; sourceTree = "<group>"; };
		EC1819B42B780A6F004AFF72 /* CurrentDayWeatherModel.swift */ = {isa = PBXFileReference; lastKnownFileType = sourcecode.swift; path = CurrentDayWeatherModel.swift; sourceTree = "<group>"; };
		EC8AE1D12B7192FA00B1B75C /* WeatherApp.app */ = {isa = PBXFileReference; explicitFileType = wrapper.application; includeInIndex = 0; path = WeatherApp.app; sourceTree = BUILT_PRODUCTS_DIR; };
		EC8AE1D42B7192FA00B1B75C /* WeatherApp.swift */ = {isa = PBXFileReference; lastKnownFileType = sourcecode.swift; path = WeatherApp.swift; sourceTree = "<group>"; };
		EC8AE1D62B7192FA00B1B75C /* ContentView.swift */ = {isa = PBXFileReference; lastKnownFileType = sourcecode.swift; path = ContentView.swift; sourceTree = "<group>"; };
		EC8AE1D82B7192FD00B1B75C /* Assets.xcassets */ = {isa = PBXFileReference; lastKnownFileType = folder.assetcatalog; path = Assets.xcassets; sourceTree = "<group>"; };
		EC8AE1DB2B7192FD00B1B75C /* Preview Assets.xcassets */ = {isa = PBXFileReference; lastKnownFileType = folder.assetcatalog; path = "Preview Assets.xcassets"; sourceTree = "<group>"; };
/* End PBXFileReference section */

/* Begin PBXFrameworksBuildPhase section */
		EC8AE1CE2B7192FA00B1B75C /* Frameworks */ = {
			isa = PBXFrameworksBuildPhase;
			buildActionMask = 2147483647;
			files = (
			);
			runOnlyForDeploymentPostprocessing = 0;
		};
/* End PBXFrameworksBuildPhase section */

/* Begin PBXGroup section */
		EC1819B62B781B58004AFF72 /* Models */ = {
			isa = PBXGroup;
			children = (
				EC1819B42B780A6F004AFF72 /* CurrentDayWeatherModel.swift */,
				EC1819AA2B774A6B004AFF72 /* WeeklyWeatherModel.swift */,
				EC1819AE2B77F6FE004AFF72 /* CustomButtonModel.swift */,
			);
			path = Models;
			sourceTree = "<group>";
		};
		EC1819B72B781B68004AFF72 /* Views */ = {
			isa = PBXGroup;
			children = (
				EC1819B92B781BD2004AFF72 /* CommonUI */,
				EC8AE1D62B7192FA00B1B75C /* ContentView.swift */,
			);
			path = Views;
			sourceTree = "<group>";
		};
		EC1819B82B781B85004AFF72 /* ViewModels */ = {
			isa = PBXGroup;
			children = (
				EC1819AC2B77D47E004AFF72 /* WeatherViewModel.swift */,
			);
			path = ViewModels;
			sourceTree = "<group>";
		};
		EC1819B92B781BD2004AFF72 /* CommonUI */ = {
			isa = PBXGroup;
			children = (
				EC1819B22B78095E004AFF72 /* CurrentDayWeatherStatusView.swift */,
				EC1819A82B7746E0004AFF72 /* WeeklyWeatherStatusView.swift */,
				EC1819B02B77F85E004AFF72 /* CustomButtonView.swift */,
			);
			path = CommonUI;
			sourceTree = "<group>";
		};
		EC1819BA2B781C15004AFF72 /* App */ = {
			isa = PBXGroup;
			children = (
				EC8AE1D42B7192FA00B1B75C /* WeatherApp.swift */,
			);
			path = App;
			sourceTree = "<group>";
		};
		EC8AE1C82B7192FA00B1B75C = {
			isa = PBXGroup;
			children = (
				EC8AE1D32B7192FA00B1B75C /* WeatherApp */,
				EC8AE1D22B7192FA00B1B75C /* Products */,
			);
			sourceTree = "<group>";
		};
		EC8AE1D22B7192FA00B1B75C /* Products */ = {
			isa = PBXGroup;
			children = (
				EC8AE1D12B7192FA00B1B75C /* WeatherApp.app */,
			);
			name = Products;
			sourceTree = "<group>";
		};
		EC8AE1D32B7192FA00B1B75C /* WeatherApp */ = {
			isa = PBXGroup;
			children = (
				EC1819BA2B781C15004AFF72 /* App */,
				EC1819B82B781B85004AFF72 /* ViewModels */,
				EC1819B72B781B68004AFF72 /* Views */,
				EC1819B62B781B58004AFF72 /* Models */,
				EC8AE1D82B7192FD00B1B75C /* Assets.xcassets */,
				EC8AE1DA2B7192FD00B1B75C /* Preview Content */,
			);
			path = WeatherApp;
			sourceTree = "<group>";
		};
		EC8AE1DA2B7192FD00B1B75C /* Preview Content */ = {
			isa = PBXGroup;
			children = (
				EC8AE1DB2B7192FD00B1B75C /* Preview Assets.xcassets */,
			);
			path = "Preview Content";
			sourceTree = "<group>";
		};
/* End PBXGroup section */

/* Begin PBXNativeTarget section */
		EC8AE1D02B7192FA00B1B75C /* WeatherApp */ = {
			isa = PBXNativeTarget;
			buildConfigurationList = EC8AE1DF2B7192FD00B1B75C /* Build configuration list for PBXNativeTarget "WeatherApp" */;
			buildPhases = (
				EC8AE1CD2B7192FA00B1B75C /* Sources */,
				EC8AE1CE2B7192FA00B1B75C /* Frameworks */,
				EC8AE1CF2B7192FA00B1B75C /* Resources */,
			);
			buildRules = (
			);
			dependencies = (
			);
			name = WeatherApp;
			productName = WeatherApp;
			productReference = EC8AE1D12B7192FA00B1B75C /* WeatherApp.app */;
			productType = "com.apple.product-type.application";
		};
/* End PBXNativeTarget section */

/* Begin PBXProject section */
		EC8AE1C92B7192FA00B1B75C /* Project object */ = {
			isa = PBXProject;
			attributes = {
				BuildIndependentTargetsInParallel = 1;
				LastSwiftUpdateCheck = 1500;
				LastUpgradeCheck = 1500;
				TargetAttributes = {
					EC8AE1D02B7192FA00B1B75C = {
						CreatedOnToolsVersion = 15.0.1;
					};
				};
			};
			buildConfigurationList = EC8AE1CC2B7192FA00B1B75C /* Build configuration list for PBXProject "WeatherApp" */;
			compatibilityVersion = "Xcode 14.0";
			developmentRegion = en;
			hasScannedForEncodings = 0;
			knownRegions = (
				en,
				Base,
			);
			mainGroup = EC8AE1C82B7192FA00B1B75C;
			productRefGroup = EC8AE1D22B7192FA00B1B75C /* Products */;
			projectDirPath = "";
			projectRoot = "";
			targets = (
				EC8AE1D02B7192FA00B1B75C /* WeatherApp */,
			);
		};
/* End PBXProject section */

/* Begin PBXResourcesBuildPhase section */
		EC8AE1CF2B7192FA00B1B75C /* Resources */ = {
			isa = PBXResourcesBuildPhase;
			buildActionMask = 2147483647;
			files = (
				EC8AE1DC2B7192FD00B1B75C /* Preview Assets.xcassets in Resources */,
				EC8AE1D92B7192FD00B1B75C /* Assets.xcassets in Resources */,
			);
			runOnlyForDeploymentPostprocessing = 0;
		};
/* End PBXResourcesBuildPhase section */

/* Begin PBXSourcesBuildPhase section */
		EC8AE1CD2B7192FA00B1B75C /* Sources */ = {
			isa = PBXSourcesBuildPhase;
			buildActionMask = 2147483647;
			files = (
				EC1819B12B77F85F004AFF72 /* CustomButtonView.swift in Sources */,
				EC1819A92B7746E0004AFF72 /* WeeklyWeatherStatusView.swift in Sources */,
				EC1819B52B780A6F004AFF72 /* CurrentDayWeatherModel.swift in Sources */,
				EC8AE1D72B7192FA00B1B75C /* ContentView.swift in Sources */,
				EC1819AF2B77F6FE004AFF72 /* CustomButtonModel.swift in Sources */,
				EC1819B32B78095E004AFF72 /* CurrentDayWeatherStatusView.swift in Sources */,
				EC8AE1D52B7192FA00B1B75C /* WeatherApp.swift in Sources */,
				EC1819AD2B77D47E004AFF72 /* WeatherViewModel.swift in Sources */,
				EC1819AB2B774A6B004AFF72 /* WeeklyWeatherModel.swift in Sources */,
			);
			runOnlyForDeploymentPostprocessing = 0;
		};
/* End PBXSourcesBuildPhase section */

/* Begin XCBuildConfiguration section */
		EC8AE1DD2B7192FD00B1B75C /* Debug */ = {
			isa = XCBuildConfiguration;
			buildSettings = {
				ALWAYS_SEARCH_USER_PATHS = NO;
				ASSETCATALOG_COMPILER_GENERATE_SWIFT_ASSET_SYMBOL_EXTENSIONS = YES;
				CLANG_ANALYZER_NONNULL = YES;
				CLANG_ANALYZER_NUMBER_OBJECT_CONVERSION = YES_AGGRESSIVE;
				CLANG_CXX_LANGUAGE_STANDARD = "gnu++20";
				CLANG_ENABLE_MODULES = YES;
				CLANG_ENABLE_OBJC_ARC = YES;
				CLANG_ENABLE_OBJC_WEAK = YES;
				CLANG_WARN_BLOCK_CAPTURE_AUTORELEASING = YES;
				CLANG_WARN_BOOL_CONVERSION = YES;
				CLANG_WARN_COMMA = YES;
				CLANG_WARN_CONSTANT_CONVERSION = YES;
				CLANG_WARN_DEPRECATED_OBJC_IMPLEMENTATIONS = YES;
				CLANG_WARN_DIRECT_OBJC_ISA_USAGE = YES_ERROR;
				CLANG_WARN_DOCUMENTATION_COMMENTS = YES;
				CLANG_WARN_EMPTY_BODY = YES;
				CLANG_WARN_ENUM_CONVERSION = YES;
				CLANG_WARN_INFINITE_RECURSION = YES;
				CLANG_WARN_INT_CONVERSION = YES;
				CLANG_WARN_NON_LITERAL_NULL_CONVERSION = YES;
				CLANG_WARN_OBJC_IMPLICIT_RETAIN_SELF = YES;
				CLANG_WARN_OBJC_LITERAL_CONVERSION = YES;
				CLANG_WARN_OBJC_ROOT_CLASS = YES_ERROR;
				CLANG_WARN_QUOTED_INCLUDE_IN_FRAMEWORK_HEADER = YES;
				CLANG_WARN_RANGE_LOOP_ANALYSIS = YES;
				CLANG_WARN_STRICT_PROTOTYPES = YES;
				CLANG_WARN_SUSPICIOUS_MOVE = YES;
				CLANG_WARN_UNGUARDED_AVAILABILITY = YES_AGGRESSIVE;
				CLANG_WARN_UNREACHABLE_CODE = YES;
				CLANG_WARN__DUPLICATE_METHOD_MATCH = YES;
				COPY_PHASE_STRIP = NO;
				DEBUG_INFORMATION_FORMAT = dwarf;
				ENABLE_STRICT_OBJC_MSGSEND = YES;
				ENABLE_TESTABILITY = YES;
				ENABLE_USER_SCRIPT_SANDBOXING = YES;
				GCC_C_LANGUAGE_STANDARD = gnu17;
				GCC_DYNAMIC_NO_PIC = NO;
				GCC_NO_COMMON_BLOCKS = YES;
				GCC_OPTIMIZATION_LEVEL = 0;
				GCC_PREPROCESSOR_DEFINITIONS = (
					"DEBUG=1",
					"$(inherited)",
				);
				GCC_WARN_64_TO_32_BIT_CONVERSION = YES;
				GCC_WARN_ABOUT_RETURN_TYPE = YES_ERROR;
				GCC_WARN_UNDECLARED_SELECTOR = YES;
				GCC_WARN_UNINITIALIZED_AUTOS = YES_AGGRESSIVE;
				GCC_WARN_UNUSED_FUNCTION = YES;
				GCC_WARN_UNUSED_VARIABLE = YES;
				IPHONEOS_DEPLOYMENT_TARGET = 17.0;
				LOCALIZATION_PREFERS_STRING_CATALOGS = YES;
				MTL_ENABLE_DEBUG_INFO = INCLUDE_SOURCE;
				MTL_FAST_MATH = YES;
				ONLY_ACTIVE_ARCH = YES;
				SDKROOT = iphoneos;
				SWIFT_ACTIVE_COMPILATION_CONDITIONS = "DEBUG $(inherited)";
				SWIFT_OPTIMIZATION_LEVEL = "-Onone";
			};
			name = Debug;
		};
		EC8AE1DE2B7192FD00B1B75C /* Release */ = {
			isa = XCBuildConfiguration;
			buildSettings = {
				ALWAYS_SEARCH_USER_PATHS = NO;
				ASSETCATALOG_COMPILER_GENERATE_SWIFT_ASSET_SYMBOL_EXTENSIONS = YES;
				CLANG_ANALYZER_NONNULL = YES;
				CLANG_ANALYZER_NUMBER_OBJECT_CONVERSION = YES_AGGRESSIVE;
				CLANG_CXX_LANGUAGE_STANDARD = "gnu++20";
				CLANG_ENABLE_MODULES = YES;
				CLANG_ENABLE_OBJC_ARC = YES;
				CLANG_ENABLE_OBJC_WEAK = YES;
				CLANG_WARN_BLOCK_CAPTURE_AUTORELEASING = YES;
				CLANG_WARN_BOOL_CONVERSION = YES;
				CLANG_WARN_COMMA = YES;
				CLANG_WARN_CONSTANT_CONVERSION = YES;
				CLANG_WARN_DEPRECATED_OBJC_IMPLEMENTATIONS = YES;
				CLANG_WARN_DIRECT_OBJC_ISA_USAGE = YES_ERROR;
				CLANG_WARN_DOCUMENTATION_COMMENTS = YES;
				CLANG_WARN_EMPTY_BODY = YES;
				CLANG_WARN_ENUM_CONVERSION = YES;
				CLANG_WARN_INFINITE_RECURSION = YES;
				CLANG_WARN_INT_CONVERSION = YES;
				CLANG_WARN_NON_LITERAL_NULL_CONVERSION = YES;
				CLANG_WARN_OBJC_IMPLICIT_RETAIN_SELF = YES;
				CLANG_WARN_OBJC_LITERAL_CONVERSION = YES;
				CLANG_WARN_OBJC_ROOT_CLASS = YES_ERROR;
				CLANG_WARN_QUOTED_INCLUDE_IN_FRAMEWORK_HEADER = YES;
				CLANG_WARN_RANGE_LOOP_ANALYSIS = YES;
				CLANG_WARN_STRICT_PROTOTYPES = YES;
				CLANG_WARN_SUSPICIOUS_MOVE = YES;
				CLANG_WARN_UNGUARDED_AVAILABILITY = YES_AGGRESSIVE;
				CLANG_WARN_UNREACHABLE_CODE = YES;
				CLANG_WARN__DUPLICATE_METHOD_MATCH = YES;
				COPY_PHASE_STRIP = NO;
				DEBUG_INFORMATION_FORMAT = "dwarf-with-dsym";
				ENABLE_NS_ASSERTIONS = NO;
				ENABLE_STRICT_OBJC_MSGSEND = YES;
				ENABLE_USER_SCRIPT_SANDBOXING = YES;
				GCC_C_LANGUAGE_STANDARD = gnu17;
				GCC_NO_COMMON_BLOCKS = YES;
				GCC_WARN_64_TO_32_BIT_CONVERSION = YES;
				GCC_WARN_ABOUT_RETURN_TYPE = YES_ERROR;
				GCC_WARN_UNDECLARED_SELECTOR = YES;
				GCC_WARN_UNINITIALIZED_AUTOS = YES_AGGRESSIVE;
				GCC_WARN_UNUSED_FUNCTION = YES;
				GCC_WARN_UNUSED_VARIABLE = YES;
				IPHONEOS_DEPLOYMENT_TARGET = 17.0;
				LOCALIZATION_PREFERS_STRING_CATALOGS = YES;
				MTL_ENABLE_DEBUG_INFO = NO;
				MTL_FAST_MATH = YES;
				SDKROOT = iphoneos;
				SWIFT_COMPILATION_MODE = wholemodule;
				VALIDATE_PRODUCT = YES;
			};
			name = Release;
		};
		EC8AE1E02B7192FD00B1B75C /* Debug */ = {
			isa = XCBuildConfiguration;
			buildSettings = {
				ASSETCATALOG_COMPILER_APPICON_NAME = AppIcon;
				ASSETCATALOG_COMPILER_GLOBAL_ACCENT_COLOR_NAME = AccentColor;
				CODE_SIGN_STYLE = Automatic;
				CURRENT_PROJECT_VERSION = 1;
				DEVELOPMENT_ASSET_PATHS = "\"WeatherApp/Preview Content\"";
				DEVELOPMENT_TEAM = H4T2Q395DX;
				ENABLE_PREVIEWS = YES;
				GENERATE_INFOPLIST_FILE = YES;
				INFOPLIST_KEY_UIApplicationSceneManifest_Generation = YES;
				INFOPLIST_KEY_UIApplicationSupportsIndirectInputEvents = YES;
				INFOPLIST_KEY_UILaunchScreen_Generation = YES;
				INFOPLIST_KEY_UISupportedInterfaceOrientations_iPad = "UIInterfaceOrientationPortrait UIInterfaceOrientationPortraitUpsideDown UIInterfaceOrientationLandscapeLeft UIInterfaceOrientationLandscapeRight";
				INFOPLIST_KEY_UISupportedInterfaceOrientations_iPhone = "UIInterfaceOrientationPortrait UIInterfaceOrientationLandscapeLeft UIInterfaceOrientationLandscapeRight";
				LD_RUNPATH_SEARCH_PATHS = (
					"$(inherited)",
					"@executable_path/Frameworks",
				);
				MARKETING_VERSION = 1.0;
				PRODUCT_BUNDLE_IDENTIFIER = com.weatherapp.in.WeatherApp;
				PRODUCT_NAME = "$(TARGET_NAME)";
				SWIFT_EMIT_LOC_STRINGS = YES;
				SWIFT_VERSION = 5.0;
				TARGETED_DEVICE_FAMILY = "1,2";
			};
			name = Debug;
		};
		EC8AE1E12B7192FD00B1B75C /* Release */ = {
			isa = XCBuildConfiguration;
			buildSettings = {
				ASSETCATALOG_COMPILER_APPICON_NAME = AppIcon;
				ASSETCATALOG_COMPILER_GLOBAL_ACCENT_COLOR_NAME = AccentColor;
				CODE_SIGN_STYLE = Automatic;
				CURRENT_PROJECT_VERSION = 1;
				DEVELOPMENT_ASSET_PATHS = "\"WeatherApp/Preview Content\"";
				DEVELOPMENT_TEAM = H4T2Q395DX;
				ENABLE_PREVIEWS = YES;
				GENERATE_INFOPLIST_FILE = YES;
				INFOPLIST_KEY_UIApplicationSceneManifest_Generation = YES;
				INFOPLIST_KEY_UIApplicationSupportsIndirectInputEvents = YES;
				INFOPLIST_KEY_UILaunchScreen_Generation = YES;
				INFOPLIST_KEY_UISupportedInterfaceOrientations_iPad = "UIInterfaceOrientationPortrait UIInterfaceOrientationPortraitUpsideDown UIInterfaceOrientationLandscapeLeft UIInterfaceOrientationLandscapeRight";
				INFOPLIST_KEY_UISupportedInterfaceOrientations_iPhone = "UIInterfaceOrientationPortrait UIInterfaceOrientationLandscapeLeft UIInterfaceOrientationLandscapeRight";
				LD_RUNPATH_SEARCH_PATHS = (
					"$(inherited)",
					"@executable_path/Frameworks",
				);
				MARKETING_VERSION = 1.0;
				PRODUCT_BUNDLE_IDENTIFIER = com.weatherapp.in.WeatherApp;
				PRODUCT_NAME = "$(TARGET_NAME)";
				SWIFT_EMIT_LOC_STRINGS = YES;
				SWIFT_VERSION = 5.0;
				TARGETED_DEVICE_FAMILY = "1,2";
			};
			name = Release;
		};
/* End XCBuildConfiguration section */

/* Begin XCConfigurationList section */
		EC8AE1CC2B7192FA00B1B75C /* Build configuration list for PBXProject "WeatherApp" */ = {
			isa = XCConfigurationList;
			buildConfigurations = (
				EC8AE1DD2B7192FD00B1B75C /* Debug */,
				EC8AE1DE2B7192FD00B1B75C /* Release */,
			);
			defaultConfigurationIsVisible = 0;
			defaultConfigurationName = Release;
		};
		EC8AE1DF2B7192FD00B1B75C /* Build configuration list for PBXNativeTarget "WeatherApp" */ = {
			isa = XCConfigurationList;
			buildConfigurations = (
				EC8AE1E02B7192FD00B1B75C /* Debug */,
				EC8AE1E12B7192FD00B1B75C /* Release */,
			);
			defaultConfigurationIsVisible = 0;
			defaultConfigurationName = Release;
		};
/* End XCConfigurationList section */
	};
	rootObject = EC8AE1C92B7192FA00B1B75C /* Project object */;
}
